// !$*UTF8*$!
{
	archiveVersion = 1;
	classes = {
	};
	objectVersion = 46;
	objects = {

/* Begin PBXBuildFile section */
		CE7A4E7E1F10871D00CC9C81 /* PaintView.swift in Sources */ = {isa = PBXBuildFile; fileRef = CE7A4E7D1F10871D00CC9C81 /* PaintView.swift */; };
		CE7A4E801F10885A00CC9C81 /* DrawingView.swift in Sources */ = {isa = PBXBuildFile; fileRef = CE7A4E7F1F10885A00CC9C81 /* DrawingView.swift */; };
		CEF1D2931F1A78B600E5ABA5 /* Alert.swift in Sources */ = {isa = PBXBuildFile; fileRef = CEF1D2921F1A78B600E5ABA5 /* Alert.swift */; };
		CEF224571EFEE44F000F5B14 /* AppDelegate.swift in Sources */ = {isa = PBXBuildFile; fileRef = CEF224561EFEE44F000F5B14 /* AppDelegate.swift */; };
		CEF224591EFEE44F000F5B14 /* ViewController.swift in Sources */ = {isa = PBXBuildFile; fileRef = CEF224581EFEE44F000F5B14 /* ViewController.swift */; };
		CEF2245C1EFEE44F000F5B14 /* Main.storyboard in Resources */ = {isa = PBXBuildFile; fileRef = CEF2245A1EFEE44F000F5B14 /* Main.storyboard */; };
		CEF2245E1EFEE44F000F5B14 /* Assets.xcassets in Resources */ = {isa = PBXBuildFile; fileRef = CEF2245D1EFEE44F000F5B14 /* Assets.xcassets */; };
		CEF224611EFEE44F000F5B14 /* LaunchScreen.storyboard in Resources */ = {isa = PBXBuildFile; fileRef = CEF2245F1EFEE44F000F5B14 /* LaunchScreen.storyboard */; };
		CEFAD6E31F200E4400685194 /* Pictures.json in Resources */ = {isa = PBXBuildFile; fileRef = CEFAD6E21F200E4400685194 /* Pictures.json */; };
		CEFAD6E61F2010AC00685194 /* AppPicturesVC.swift in Sources */ = {isa = PBXBuildFile; fileRef = CEFAD6E51F2010AC00685194 /* AppPicturesVC.swift */; };
		CEFAD6E81F20126200685194 /* Picture.swift in Sources */ = {isa = PBXBuildFile; fileRef = CEFAD6E71F20126200685194 /* Picture.swift */; };
		CEFAD6EA1F20189200685194 /* PictureCell.swift in Sources */ = {isa = PBXBuildFile; fileRef = CEFAD6E91F20189200685194 /* PictureCell.swift */; };
		CEFC8CF21F17C6550054F0C2 /* Stroke.swift in Sources */ = {isa = PBXBuildFile; fileRef = CEFC8CF11F17C6550054F0C2 /* Stroke.swift */; };
/* End PBXBuildFile section */

/* Begin PBXFileReference section */
		CE7A4E7D1F10871D00CC9C81 /* PaintView.swift */ = {isa = PBXFileReference; fileEncoding = 4; lastKnownFileType = sourcecode.swift; path = PaintView.swift; sourceTree = "<group>"; };
		CE7A4E7F1F10885A00CC9C81 /* DrawingView.swift */ = {isa = PBXFileReference; fileEncoding = 4; lastKnownFileType = sourcecode.swift; path = DrawingView.swift; sourceTree = "<group>"; };
		CEF1D2921F1A78B600E5ABA5 /* Alert.swift */ = {isa = PBXFileReference; fileEncoding = 4; lastKnownFileType = sourcecode.swift; path = Alert.swift; sourceTree = "<group>"; };
		CEF224531EFEE44F000F5B14 /* Paint.app */ = {isa = PBXFileReference; explicitFileType = wrapper.application; includeInIndex = 0; path = Paint.app; sourceTree = BUILT_PRODUCTS_DIR; };
		CEF224561EFEE44F000F5B14 /* AppDelegate.swift */ = {isa = PBXFileReference; lastKnownFileType = sourcecode.swift; path = AppDelegate.swift; sourceTree = "<group>"; };
		CEF224581EFEE44F000F5B14 /* ViewController.swift */ = {isa = PBXFileReference; lastKnownFileType = sourcecode.swift; path = ViewController.swift; sourceTree = "<group>"; };
		CEF2245B1EFEE44F000F5B14 /* Base */ = {isa = PBXFileReference; lastKnownFileType = file.storyboard; name = Base; path = Base.lproj/Main.storyboard; sourceTree = "<group>"; };
		CEF2245D1EFEE44F000F5B14 /* Assets.xcassets */ = {isa = PBXFileReference; lastKnownFileType = folder.assetcatalog; path = Assets.xcassets; sourceTree = "<group>"; };
		CEF224601EFEE44F000F5B14 /* Base */ = {isa = PBXFileReference; lastKnownFileType = file.storyboard; name = Base; path = Base.lproj/LaunchScreen.storyboard; sourceTree = "<group>"; };
		CEF224621EFEE44F000F5B14 /* Info.plist */ = {isa = PBXFileReference; lastKnownFileType = text.plist.xml; path = Info.plist; sourceTree = "<group>"; };
		CEFAD6E21F200E4400685194 /* Pictures.json */ = {isa = PBXFileReference; fileEncoding = 4; lastKnownFileType = text.json; path = Pictures.json; sourceTree = "<group>"; };
		CEFAD6E51F2010AC00685194 /* AppPicturesVC.swift */ = {isa = PBXFileReference; fileEncoding = 4; lastKnownFileType = sourcecode.swift; path = AppPicturesVC.swift; sourceTree = "<group>"; };
		CEFAD6E71F20126200685194 /* Picture.swift */ = {isa = PBXFileReference; fileEncoding = 4; lastKnownFileType = sourcecode.swift; path = Picture.swift; sourceTree = "<group>"; };
		CEFAD6E91F20189200685194 /* PictureCell.swift */ = {isa = PBXFileReference; fileEncoding = 4; lastKnownFileType = sourcecode.swift; path = PictureCell.swift; sourceTree = "<group>"; };
		CEFC8CF11F17C6550054F0C2 /* Stroke.swift */ = {isa = PBXFileReference; fileEncoding = 4; lastKnownFileType = sourcecode.swift; path = Stroke.swift; sourceTree = "<group>"; };
/* End PBXFileReference section */

/* Begin PBXFrameworksBuildPhase section */
		CEF224501EFEE44F000F5B14 /* Frameworks */ = {
			isa = PBXFrameworksBuildPhase;
			buildActionMask = 2147483647;
			files = (
			);
			runOnlyForDeploymentPostprocessing = 0;
		};
/* End PBXFrameworksBuildPhase section */

/* Begin PBXGroup section */
		CEF2244A1EFEE44E000F5B14 = {
			isa = PBXGroup;
			children = (
				CEF224551EFEE44F000F5B14 /* Paint */,
				CEF224541EFEE44F000F5B14 /* Products */,
			);
			sourceTree = "<group>";
		};
		CEF224541EFEE44F000F5B14 /* Products */ = {
			isa = PBXGroup;
			children = (
				CEF224531EFEE44F000F5B14 /* Paint.app */,
			);
			name = Products;
			sourceTree = "<group>";
		};
		CEF224551EFEE44F000F5B14 /* Paint */ = {
			isa = PBXGroup;
			children = (
				CEFAD6E71F20126200685194 /* Picture.swift */,
				CEF224561EFEE44F000F5B14 /* AppDelegate.swift */,
				CEF224581EFEE44F000F5B14 /* ViewController.swift */,
				CEF2245A1EFEE44F000F5B14 /* Main.storyboard */,
				CEFAD6E91F20189200685194 /* PictureCell.swift */,
				CEFAD6E51F2010AC00685194 /* AppPicturesVC.swift */,
				CEFAD6E41F200E5400685194 /* Ressources */,
				CE7A4E7D1F10871D00CC9C81 /* PaintView.swift */,
				CE7A4E7F1F10885A00CC9C81 /* DrawingView.swift */,
				CEFC8CF11F17C6550054F0C2 /* Stroke.swift */,
				CEF2245D1EFEE44F000F5B14 /* Assets.xcassets */,
				CEF2245F1EFEE44F000F5B14 /* LaunchScreen.storyboard */,
				CEF224621EFEE44F000F5B14 /* Info.plist */,
				CEF1D2921F1A78B600E5ABA5 /* Alert.swift */,
			);
			path = Paint;
			sourceTree = "<group>";
		};
		CEFAD6E41F200E5400685194 /* Ressources */ = {
			isa = PBXGroup;
			children = (
				CEFAD6E21F200E4400685194 /* Pictures.json */,
			);
			name = Ressources;
			sourceTree = "<group>";
		};
/* End PBXGroup section */

/* Begin PBXNativeTarget section */
		CEF224521EFEE44F000F5B14 /* Paint */ = {
			isa = PBXNativeTarget;
			buildConfigurationList = CEF224651EFEE44F000F5B14 /* Build configuration list for PBXNativeTarget "Paint" */;
			buildPhases = (
				CEF2244F1EFEE44F000F5B14 /* Sources */,
				CEF224501EFEE44F000F5B14 /* Frameworks */,
				CEF224511EFEE44F000F5B14 /* Resources */,
			);
			buildRules = (
			);
			dependencies = (
			);
			name = Paint;
			productName = Paint;
			productReference = CEF224531EFEE44F000F5B14 /* Paint.app */;
			productType = "com.apple.product-type.application";
		};
/* End PBXNativeTarget section */

/* Begin PBXProject section */
		CEF2244B1EFEE44E000F5B14 /* Project object */ = {
			isa = PBXProject;
			attributes = {
				LastSwiftUpdateCheck = 0820;
				LastUpgradeCheck = 0820;
				ORGANIZATIONNAME = Marwa;
				TargetAttributes = {
					CEF224521EFEE44F000F5B14 = {
						CreatedOnToolsVersion = 8.2.1;
						DevelopmentTeam = P8WWQCMBY7;
						ProvisioningStyle = Automatic;
					};
				};
			};
			buildConfigurationList = CEF2244E1EFEE44F000F5B14 /* Build configuration list for PBXProject "Paint" */;
			compatibilityVersion = "Xcode 3.2";
			developmentRegion = English;
			hasScannedForEncodings = 0;
			knownRegions = (
				en,
				Base,
			);
			mainGroup = CEF2244A1EFEE44E000F5B14;
			productRefGroup = CEF224541EFEE44F000F5B14 /* Products */;
			projectDirPath = "";
			projectRoot = "";
			targets = (
				CEF224521EFEE44F000F5B14 /* Paint */,
			);
		};
/* End PBXProject section */

/* Begin PBXResourcesBuildPhase section */
		CEF224511EFEE44F000F5B14 /* Resources */ = {
			isa = PBXResourcesBuildPhase;
			buildActionMask = 2147483647;
			files = (
				CEFAD6E31F200E4400685194 /* Pictures.json in Resources */,
				CEF224611EFEE44F000F5B14 /* LaunchScreen.storyboard in Resources */,
				CEF2245E1EFEE44F000F5B14 /* Assets.xcassets in Resources */,
				CEF2245C1EFEE44F000F5B14 /* Main.storyboard in Resources */,
			);
			runOnlyForDeploymentPostprocessing = 0;
		};
/* End PBXResourcesBuildPhase section */

/* Begin PBXSourcesBuildPhase section */
		CEF2244F1EFEE44F000F5B14 /* Sources */ = {
			isa = PBXSourcesBuildPhase;
			buildActionMask = 2147483647;
			files = (
				CEF1D2931F1A78B600E5ABA5 /* Alert.swift in Sources */,
				CEF224591EFEE44F000F5B14 /* ViewController.swift in Sources */,
				CEFAD6E61F2010AC00685194 /* AppPicturesVC.swift in Sources */,
				CEF224571EFEE44F000F5B14 /* AppDelegate.swift in Sources */,
				CEFAD6E81F20126200685194 /* Picture.swift in Sources */,
				CEFAD6EA1F20189200685194 /* PictureCell.swift in Sources */,
				CEFC8CF21F17C6550054F0C2 /* Stroke.swift in Sources */,
				CE7A4E7E1F10871D00CC9C81 /* PaintView.swift in Sources */,
				CE7A4E801F10885A00CC9C81 /* DrawingView.swift in Sources */,
			);
			runOnlyForDeploymentPostprocessing = 0;
		};
/* End PBXSourcesBuildPhase section */

/* Begin PBXVariantGroup section */
		CEF2245A1EFEE44F000F5B14 /* Main.storyboard */ = {
			isa = PBXVariantGroup;
			children = (
				CEF2245B1EFEE44F000F5B14 /* Base */,
			);
			name = Main.storyboard;
			sourceTree = "<group>";
		};
		CEF2245F1EFEE44F000F5B14 /* LaunchScreen.storyboard */ = {
			isa = PBXVariantGroup;
			children = (
				CEF224601EFEE44F000F5B14 /* Base */,
			);
			name = LaunchScreen.storyboard;
			sourceTree = "<group>";
		};
/* End PBXVariantGroup section */

/* Begin XCBuildConfiguration section */
		CEF224631EFEE44F000F5B14 /* Debug */ = {
			isa = XCBuildConfiguration;
			buildSettings = {
				ALWAYS_SEARCH_USER_PATHS = NO;
				CLANG_ANALYZER_NONNULL = YES;
				CLANG_CXX_LANGUAGE_STANDARD = "gnu++0x";
				CLANG_CXX_LIBRARY = "libc++";
				CLANG_ENABLE_MODULES = YES;
				CLANG_ENABLE_OBJC_ARC = YES;
				CLANG_WARN_BOOL_CONVERSION = YES;
				CLANG_WARN_CONSTANT_CONVERSION = YES;
				CLANG_WARN_DIRECT_OBJC_ISA_USAGE = YES_ERROR;
				CLANG_WARN_DOCUMENTATION_COMMENTS = YES;
				CLANG_WARN_EMPTY_BODY = YES;
				CLANG_WARN_ENUM_CONVERSION = YES;
				CLANG_WARN_INFINITE_RECURSION = YES;
				CLANG_WARN_INT_CONVERSION = YES;
				CLANG_WARN_OBJC_ROOT_CLASS = YES_ERROR;
				CLANG_WARN_SUSPICIOUS_MOVE = YES;
				CLANG_WARN_UNREACHABLE_CODE = YES;
				CLANG_WARN__DUPLICATE_METHOD_MATCH = YES;
				"CODE_SIGN_IDENTITY[sdk=iphoneos*]" = "iPhone Developer";
				COPY_PHASE_STRIP = NO;
				DEBUG_INFORMATION_FORMAT = dwarf;
				ENABLE_STRICT_OBJC_MSGSEND = YES;
				ENABLE_TESTABILITY = YES;
				GCC_C_LANGUAGE_STANDARD = gnu99;
				GCC_DYNAMIC_NO_PIC = NO;
				GCC_NO_COMMON_BLOCKS = YES;
				GCC_OPTIMIZATION_LEVEL = 0;
				GCC_PREPROCESSOR_DEFINITIONS = (
					"DEBUG=1",
					"$(inherited)",
				);
				GCC_WARN_64_TO_32_BIT_CONVERSION = YES;
				GCC_WARN_ABOUT_RETURN_TYPE = YES_ERROR;
				GCC_WARN_UNDECLARED_SELECTOR = YES;
				GCC_WARN_UNINITIALIZED_AUTOS = YES_AGGRESSIVE;
				GCC_WARN_UNUSED_FUNCTION = YES;
				GCC_WARN_UNUSED_VARIABLE = YES;
				IPHONEOS_DEPLOYMENT_TARGET = 10.2;
				MTL_ENABLE_DEBUG_INFO = YES;
				ONLY_ACTIVE_ARCH = YES;
				SDKROOT = iphoneos;
				SWIFT_ACTIVE_COMPILATION_CONDITIONS = DEBUG;
				SWIFT_OPTIMIZATION_LEVEL = "-Onone";
				TARGETED_DEVICE_FAMILY = "1,2";
			};
			name = Debug;
		};
		CEF224641EFEE44F000F5B14 /* Release */ = {
			isa = XCBuildConfiguration;
			buildSettings = {
				ALWAYS_SEARCH_USER_PATHS = NO;
				CLANG_ANALYZER_NONNULL = YES;
				CLANG_CXX_LANGUAGE_STANDARD = "gnu++0x";
				CLANG_CXX_LIBRARY = "libc++";
				CLANG_ENABLE_MODULES = YES;
				CLANG_ENABLE_OBJC_ARC = YES;
				CLANG_WARN_BOOL_CONVERSION = YES;
				CLANG_WARN_CONSTANT_CONVERSION = YES;
				CLANG_WARN_DIRECT_OBJC_ISA_USAGE = YES_ERROR;
				CLANG_WARN_DOCUMENTATION_COMMENTS = YES;
				CLANG_WARN_EMPTY_BODY = YES;
				CLANG_WARN_ENUM_CONVERSION = YES;
				CLANG_WARN_INFINITE_RECURSION = YES;
				CLANG_WARN_INT_CONVERSION = YES;
				CLANG_WARN_OBJC_ROOT_CLASS = YES_ERROR;
				CLANG_WARN_SUSPICIOUS_MOVE = YES;
				CLANG_WARN_UNREACHABLE_CODE = YES;
				CLANG_WARN__DUPLICATE_METHOD_MATCH = YES;
				"CODE_SIGN_IDENTITY[sdk=iphoneos*]" = "iPhone Developer";
				COPY_PHASE_STRIP = NO;
				DEBUG_INFORMATION_FORMAT = "dwarf-with-dsym";
				ENABLE_NS_ASSERTIONS = NO;
				ENABLE_STRICT_OBJC_MSGSEND = YES;
				GCC_C_LANGUAGE_STANDARD = gnu99;
				GCC_NO_COMMON_BLOCKS = YES;
				GCC_WARN_64_TO_32_BIT_CONVERSION = YES;
				GCC_WARN_ABOUT_RETURN_TYPE = YES_ERROR;
				GCC_WARN_UNDECLARED_SELECTOR = YES;
				GCC_WARN_UNINITIALIZED_AUTOS = YES_AGGRESSIVE;
				GCC_WARN_UNUSED_FUNCTION = YES;
				GCC_WARN_UNUSED_VARIABLE = YES;
				IPHONEOS_DEPLOYMENT_TARGET = 10.2;
				MTL_ENABLE_DEBUG_INFO = NO;
				SDKROOT = iphoneos;
				SWIFT_OPTIMIZATION_LEVEL = "-Owholemodule";
				TARGETED_DEVICE_FAMILY = "1,2";
				VALIDATE_PRODUCT = YES;
			};
			name = Release;
		};
		CEF224661EFEE44F000F5B14 /* Debug */ = {
			isa = XCBuildConfiguration;
			buildSettings = {
				ASSETCATALOG_COMPILER_APPICON_NAME = AppIcon;
				DEVELOPMENT_TEAM = P8WWQCMBY7;
				INFOPLIST_FILE = Paint/Info.plist;
				LD_RUNPATH_SEARCH_PATHS = "$(inherited) @executable_path/Frameworks";
				PRODUCT_BUNDLE_IDENTIFIER = com.marwa.Paint;
				PRODUCT_NAME = "$(TARGET_NAME)";
				SWIFT_VERSION = 3.0;
			};
			name = Debug;
		};
		CEF224671EFEE44F000F5B14 /* Release */ = {
			isa = XCBuildConfiguration;
			buildSettings = {
				ASSETCATALOG_COMPILER_APPICON_NAME = AppIcon;
				DEVELOPMENT_TEAM = P8WWQCMBY7;
				INFOPLIST_FILE = Paint/Info.plist;
				LD_RUNPATH_SEARCH_PATHS = "$(inherited) @executable_path/Frameworks";
				PRODUCT_BUNDLE_IDENTIFIER = com.marwa.Paint;
				PRODUCT_NAME = "$(TARGET_NAME)";
				SWIFT_VERSION = 3.0;
			};
			name = Release;
		};
/* End XCBuildConfiguration section */

/* Begin XCConfigurationList section */
		CEF2244E1EFEE44F000F5B14 /* Build configuration list for PBXProject "Paint" */ = {
			isa = XCConfigurationList;
			buildConfigurations = (
				CEF224631EFEE44F000F5B14 /* Debug */,
				CEF224641EFEE44F000F5B14 /* Release */,
			);
			defaultConfigurationIsVisible = 0;
			defaultConfigurationName = Release;
		};
		CEF224651EFEE44F000F5B14 /* Build configuration list for PBXNativeTarget "Paint" */ = {
			isa = XCConfigurationList;
			buildConfigurations = (
				CEF224661EFEE44F000F5B14 /* Debug */,
				CEF224671EFEE44F000F5B14 /* Release */,
			);
			defaultConfigurationIsVisible = 0;
			defaultConfigurationName = Release;
		};
/* End XCConfigurationList section */
	};
	rootObject = CEF2244B1EFEE44E000F5B14 /* Project object */;
}
